// !$*UTF8*$!
{
	archiveVersion = 1;
	classes = {
	};
	objectVersion = 46;
	objects = {

/* Begin PBXBuildFile section */
		6ED3DBDDD3334A6DAE2CBFBE /* libPods-TestsAppTests.a in Frameworks */ = {isa = PBXBuildFile; fileRef = 238BD67B2A3F445A9A1DC6DE /* libPods-TestsAppTests.a */; };
		863383C418394F6900A8C120 /* Foundation.framework in Frameworks */ = {isa = PBXBuildFile; fileRef = 863383C318394F6900A8C120 /* Foundation.framework */; };
		863383C618394F6900A8C120 /* CoreGraphics.framework in Frameworks */ = {isa = PBXBuildFile; fileRef = 863383C518394F6900A8C120 /* CoreGraphics.framework */; };
		863383C818394F6900A8C120 /* UIKit.framework in Frameworks */ = {isa = PBXBuildFile; fileRef = 863383C718394F6900A8C120 /* UIKit.framework */; };
		863383CE18394F6900A8C120 /* InfoPlist.strings in Resources */ = {isa = PBXBuildFile; fileRef = 863383CC18394F6900A8C120 /* InfoPlist.strings */; };
		863383D018394F6900A8C120 /* main.m in Sources */ = {isa = PBXBuildFile; fileRef = 863383CF18394F6900A8C120 /* main.m */; };
		863383D418394F6900A8C120 /* AppDelegate.m in Sources */ = {isa = PBXBuildFile; fileRef = 863383D318394F6900A8C120 /* AppDelegate.m */; };
		863383D618394F6900A8C120 /* Images.xcassets in Resources */ = {isa = PBXBuildFile; fileRef = 863383D518394F6900A8C120 /* Images.xcassets */; };
		863383DD18394F6900A8C120 /* XCTest.framework in Frameworks */ = {isa = PBXBuildFile; fileRef = 863383DC18394F6900A8C120 /* XCTest.framework */; };
		863383DE18394F6900A8C120 /* Foundation.framework in Frameworks */ = {isa = PBXBuildFile; fileRef = 863383C318394F6900A8C120 /* Foundation.framework */; };
		863383DF18394F6900A8C120 /* UIKit.framework in Frameworks */ = {isa = PBXBuildFile; fileRef = 863383C718394F6900A8C120 /* UIKit.framework */; };
		863383E718394F6900A8C120 /* InfoPlist.strings in Resources */ = {isa = PBXBuildFile; fileRef = 863383E518394F6900A8C120 /* InfoPlist.strings */; };
		863383FB1839507000A8C120 /* SafeObject.m in Sources */ = {isa = PBXBuildFile; fileRef = 863383F41839506900A8C120 /* SafeObject.m */; };
		863383FC1839507500A8C120 /* SafeObject_KVC_Tests.m in Sources */ = {isa = PBXBuildFile; fileRef = 863383F71839506900A8C120 /* SafeObject_KVC_Tests.m */; };
		863383FD1839507800A8C120 /* SafeObject_KVO_Tests.m in Sources */ = {isa = PBXBuildFile; fileRef = 863383F61839506900A8C120 /* SafeObject_KVO_Tests.m */; };
/* End PBXBuildFile section */

/* Begin PBXContainerItemProxy section */
		863383E018394F6900A8C120 /* PBXContainerItemProxy */ = {
			isa = PBXContainerItemProxy;
			containerPortal = 863383B818394F6900A8C120 /* Project object */;
			proxyType = 1;
			remoteGlobalIDString = 863383BF18394F6900A8C120;
			remoteInfo = TestsApp;
		};
/* End PBXContainerItemProxy section */

/* Begin PBXFileReference section */
		238BD67B2A3F445A9A1DC6DE /* libPods-TestsAppTests.a */ = {isa = PBXFileReference; explicitFileType = archive.ar; includeInIndex = 0; path = "libPods-TestsAppTests.a"; sourceTree = BUILT_PRODUCTS_DIR; };
		863383C018394F6900A8C120 /* TestsApp.app */ = {isa = PBXFileReference; explicitFileType = wrapper.application; includeInIndex = 0; path = TestsApp.app; sourceTree = BUILT_PRODUCTS_DIR; };
		863383C318394F6900A8C120 /* Foundation.framework */ = {isa = PBXFileReference; lastKnownFileType = wrapper.framework; name = Foundation.framework; path = System/Library/Frameworks/Foundation.framework; sourceTree = SDKROOT; };
		863383C518394F6900A8C120 /* CoreGraphics.framework */ = {isa = PBXFileReference; lastKnownFileType = wrapper.framework; name = CoreGraphics.framework; path = System/Library/Frameworks/CoreGraphics.framework; sourceTree = SDKROOT; };
		863383C718394F6900A8C120 /* UIKit.framework */ = {isa = PBXFileReference; lastKnownFileType = wrapper.framework; name = UIKit.framework; path = System/Library/Frameworks/UIKit.framework; sourceTree = SDKROOT; };
		863383CB18394F6900A8C120 /* TestsApp-Info.plist */ = {isa = PBXFileReference; lastKnownFileType = text.plist.xml; path = "TestsApp-Info.plist"; sourceTree = "<group>"; };
		863383CD18394F6900A8C120 /* en */ = {isa = PBXFileReference; lastKnownFileType = text.plist.strings; name = en; path = en.lproj/InfoPlist.strings; sourceTree = "<group>"; };
		863383CF18394F6900A8C120 /* main.m */ = {isa = PBXFileReference; lastKnownFileType = sourcecode.c.objc; path = main.m; sourceTree = "<group>"; };
		863383D118394F6900A8C120 /* TestsApp-Prefix.pch */ = {isa = PBXFileReference; lastKnownFileType = sourcecode.c.h; path = "TestsApp-Prefix.pch"; sourceTree = "<group>"; };
		863383D218394F6900A8C120 /* AppDelegate.h */ = {isa = PBXFileReference; lastKnownFileType = sourcecode.c.h; path = AppDelegate.h; sourceTree = "<group>"; };
		863383D318394F6900A8C120 /* AppDelegate.m */ = {isa = PBXFileReference; lastKnownFileType = sourcecode.c.objc; path = AppDelegate.m; sourceTree = "<group>"; };
		863383D518394F6900A8C120 /* Images.xcassets */ = {isa = PBXFileReference; lastKnownFileType = folder.assetcatalog; path = Images.xcassets; sourceTree = "<group>"; };
		863383DB18394F6900A8C120 /* TestsAppTests.xctest */ = {isa = PBXFileReference; explicitFileType = wrapper.cfbundle; includeInIndex = 0; path = TestsAppTests.xctest; sourceTree = BUILT_PRODUCTS_DIR; };
		863383DC18394F6900A8C120 /* XCTest.framework */ = {isa = PBXFileReference; lastKnownFileType = wrapper.framework; name = XCTest.framework; path = Library/Frameworks/XCTest.framework; sourceTree = DEVELOPER_DIR; };
		863383E418394F6900A8C120 /* TestsAppTests-Info.plist */ = {isa = PBXFileReference; lastKnownFileType = text.plist.xml; path = "TestsAppTests-Info.plist"; sourceTree = "<group>"; };
		863383E618394F6900A8C120 /* en */ = {isa = PBXFileReference; lastKnownFileType = text.plist.strings; name = en; path = en.lproj/InfoPlist.strings; sourceTree = "<group>"; };
		863383F31839506900A8C120 /* SafeObject.h */ = {isa = PBXFileReference; fileEncoding = 4; lastKnownFileType = sourcecode.c.h; path = SafeObject.h; sourceTree = "<group>"; };
		863383F41839506900A8C120 /* SafeObject.m */ = {isa = PBXFileReference; fileEncoding = 4; lastKnownFileType = sourcecode.c.objc; path = SafeObject.m; sourceTree = "<group>"; };
		863383F61839506900A8C120 /* SafeObject_KVO_Tests.m */ = {isa = PBXFileReference; fileEncoding = 4; lastKnownFileType = sourcecode.c.objc; path = SafeObject_KVO_Tests.m; sourceTree = "<group>"; };
		863383F71839506900A8C120 /* SafeObject_KVC_Tests.m */ = {isa = PBXFileReference; fileEncoding = 4; lastKnownFileType = sourcecode.c.objc; path = SafeObject_KVC_Tests.m; sourceTree = "<group>"; };
		F12E004B90934AB5B8CD1052 /* Pods-TestsAppTests.xcconfig */ = {isa = PBXFileReference; includeInIndex = 1; lastKnownFileType = text.xcconfig; name = "Pods-TestsAppTests.xcconfig"; path = "Pods/Pods-TestsAppTests.xcconfig"; sourceTree = "<group>"; };
/* End PBXFileReference section */

/* Begin PBXFrameworksBuildPhase section */
		863383BD18394F6900A8C120 /* Frameworks */ = {
			isa = PBXFrameworksBuildPhase;
			buildActionMask = 2147483647;
			files = (
				863383C618394F6900A8C120 /* CoreGraphics.framework in Frameworks */,
				863383C818394F6900A8C120 /* UIKit.framework in Frameworks */,
				863383C418394F6900A8C120 /* Foundation.framework in Frameworks */,
			);
			runOnlyForDeploymentPostprocessing = 0;
		};
		863383D818394F6900A8C120 /* Frameworks */ = {
			isa = PBXFrameworksBuildPhase;
			buildActionMask = 2147483647;
			files = (
				863383DD18394F6900A8C120 /* XCTest.framework in Frameworks */,
				863383DF18394F6900A8C120 /* UIKit.framework in Frameworks */,
				863383DE18394F6900A8C120 /* Foundation.framework in Frameworks */,
				6ED3DBDDD3334A6DAE2CBFBE /* libPods-TestsAppTests.a in Frameworks */,
			);
			runOnlyForDeploymentPostprocessing = 0;
		};
/* End PBXFrameworksBuildPhase section */

/* Begin PBXGroup section */
		863383B718394F6900A8C120 = {
			isa = PBXGroup;
			children = (
				863383F21839506900A8C120 /* SafeObject */,
				863383F51839506900A8C120 /* Tests */,
				863383C918394F6900A8C120 /* TestsApp */,
				863383E218394F6900A8C120 /* TestsAppTests */,
				863383C218394F6900A8C120 /* Frameworks */,
				863383C118394F6900A8C120 /* Products */,
				F12E004B90934AB5B8CD1052 /* Pods-TestsAppTests.xcconfig */,
			);
			sourceTree = "<group>";
		};
		863383C118394F6900A8C120 /* Products */ = {
			isa = PBXGroup;
			children = (
				863383C018394F6900A8C120 /* TestsApp.app */,
				863383DB18394F6900A8C120 /* TestsAppTests.xctest */,
			);
			name = Products;
			sourceTree = "<group>";
		};
		863383C218394F6900A8C120 /* Frameworks */ = {
			isa = PBXGroup;
			children = (
				863383C318394F6900A8C120 /* Foundation.framework */,
				863383C518394F6900A8C120 /* CoreGraphics.framework */,
				863383C718394F6900A8C120 /* UIKit.framework */,
				863383DC18394F6900A8C120 /* XCTest.framework */,
				238BD67B2A3F445A9A1DC6DE /* libPods-TestsAppTests.a */,
			);
			name = Frameworks;
			sourceTree = "<group>";
		};
		863383C918394F6900A8C120 /* TestsApp */ = {
			isa = PBXGroup;
			children = (
				863383D218394F6900A8C120 /* AppDelegate.h */,
				863383D318394F6900A8C120 /* AppDelegate.m */,
				863383D518394F6900A8C120 /* Images.xcassets */,
				863383CA18394F6900A8C120 /* Supporting Files */,
			);
			path = TestsApp;
			sourceTree = "<group>";
		};
		863383CA18394F6900A8C120 /* Supporting Files */ = {
			isa = PBXGroup;
			children = (
				863383CB18394F6900A8C120 /* TestsApp-Info.plist */,
				863383CC18394F6900A8C120 /* InfoPlist.strings */,
				863383CF18394F6900A8C120 /* main.m */,
				863383D118394F6900A8C120 /* TestsApp-Prefix.pch */,
			);
			name = "Supporting Files";
			sourceTree = "<group>";
		};
		863383E218394F6900A8C120 /* TestsAppTests */ = {
			isa = PBXGroup;
			children = (
				863383E318394F6900A8C120 /* Supporting Files */,
			);
			path = TestsAppTests;
			sourceTree = "<group>";
		};
		863383E318394F6900A8C120 /* Supporting Files */ = {
			isa = PBXGroup;
			children = (
				863383E418394F6900A8C120 /* TestsAppTests-Info.plist */,
				863383E518394F6900A8C120 /* InfoPlist.strings */,
			);
			name = "Supporting Files";
			sourceTree = "<group>";
		};
		863383F21839506900A8C120 /* SafeObject */ = {
			isa = PBXGroup;
			children = (
				863383F31839506900A8C120 /* SafeObject.h */,
				863383F41839506900A8C120 /* SafeObject.m */,
			);
			name = SafeObject;
			path = ../SafeObject;
			sourceTree = "<group>";
		};
		863383F51839506900A8C120 /* Tests */ = {
			isa = PBXGroup;
			children = (
				863383F61839506900A8C120 /* SafeObject_KVO_Tests.m */,
				863383F71839506900A8C120 /* SafeObject_KVC_Tests.m */,
			);
			name = Tests;
			path = ../Tests;
			sourceTree = "<group>";
		};
/* End PBXGroup section */

/* Begin PBXNativeTarget section */
		863383BF18394F6900A8C120 /* TestsApp */ = {
			isa = PBXNativeTarget;
			buildConfigurationList = 863383EC18394F6900A8C120 /* Build configuration list for PBXNativeTarget "TestsApp" */;
			buildPhases = (
				863383BC18394F6900A8C120 /* Sources */,
				863383BD18394F6900A8C120 /* Frameworks */,
				863383BE18394F6900A8C120 /* Resources */,
			);
			buildRules = (
			);
			dependencies = (
			);
			name = TestsApp;
			productName = TestsApp;
			productReference = 863383C018394F6900A8C120 /* TestsApp.app */;
			productType = "com.apple.product-type.application";
		};
		863383DA18394F6900A8C120 /* TestsAppTests */ = {
			isa = PBXNativeTarget;
			buildConfigurationList = 863383EF18394F6900A8C120 /* Build configuration list for PBXNativeTarget "TestsAppTests" */;
			buildPhases = (
				00E44AE8D1C84B0790D3F826 /* Check Pods Manifest.lock */,
				863383D718394F6900A8C120 /* Sources */,
				863383D818394F6900A8C120 /* Frameworks */,
				863383D918394F6900A8C120 /* Resources */,
				5434F5177C4747D182EA04A0 /* Copy Pods Resources */,
			);
			buildRules = (
			);
			dependencies = (
				863383E118394F6900A8C120 /* PBXTargetDependency */,
			);
			name = TestsAppTests;
			productName = TestsAppTests;
			productReference = 863383DB18394F6900A8C120 /* TestsAppTests.xctest */;
			productType = "com.apple.product-type.bundle.unit-test";
		};
/* End PBXNativeTarget section */

/* Begin PBXProject section */
		863383B818394F6900A8C120 /* Project object */ = {
			isa = PBXProject;
			attributes = {
				LastUpgradeCheck = 0500;
				ORGANIZATIONNAME = "Stanislaw Pankevich";
				TargetAttributes = {
					863383DA18394F6900A8C120 = {
						TestTargetID = 863383BF18394F6900A8C120;
					};
				};
			};
			buildConfigurationList = 863383BB18394F6900A8C120 /* Build configuration list for PBXProject "TestsApp" */;
			compatibilityVersion = "Xcode 3.2";
			developmentRegion = English;
			hasScannedForEncodings = 0;
			knownRegions = (
				en,
			);
			mainGroup = 863383B718394F6900A8C120;
			productRefGroup = 863383C118394F6900A8C120 /* Products */;
			projectDirPath = "";
			projectRoot = "";
			targets = (
				863383BF18394F6900A8C120 /* TestsApp */,
				863383DA18394F6900A8C120 /* TestsAppTests */,
			);
		};
/* End PBXProject section */

/* Begin PBXResourcesBuildPhase section */
		863383BE18394F6900A8C120 /* Resources */ = {
			isa = PBXResourcesBuildPhase;
			buildActionMask = 2147483647;
			files = (
				863383CE18394F6900A8C120 /* InfoPlist.strings in Resources */,
				863383D618394F6900A8C120 /* Images.xcassets in Resources */,
			);
			runOnlyForDeploymentPostprocessing = 0;
		};
		863383D918394F6900A8C120 /* Resources */ = {
			isa = PBXResourcesBuildPhase;
			buildActionMask = 2147483647;
			files = (
				863383E718394F6900A8C120 /* InfoPlist.strings in Resources */,
			);
			runOnlyForDeploymentPostprocessing = 0;
		};
/* End PBXResourcesBuildPhase section */

/* Begin PBXShellScriptBuildPhase section */
		00E44AE8D1C84B0790D3F826 /* Check Pods Manifest.lock */ = {
			isa = PBXShellScriptBuildPhase;
			buildActionMask = 2147483647;
			files = (
			);
			inputPaths = (
			);
			name = "Check Pods Manifest.lock";
			outputPaths = (
			);
			runOnlyForDeploymentPostprocessing = 0;
			shellPath = /bin/sh;
			shellScript = "diff \"${PODS_ROOT}/../Podfile.lock\" \"${PODS_ROOT}/Manifest.lock\" > /dev/null\nif [[ $? != 0 ]] ; then\n    cat << EOM\nerror: The sandbox is not in sync with the Podfile.lock. Run 'pod install' or update your CocoaPods installation.\nEOM\n    exit 1\nfi\n";
			showEnvVarsInLog = 0;
		};
		5434F5177C4747D182EA04A0 /* Copy Pods Resources */ = {
			isa = PBXShellScriptBuildPhase;
			buildActionMask = 2147483647;
			files = (
			);
			inputPaths = (
			);
			name = "Copy Pods Resources";
			outputPaths = (
			);
			runOnlyForDeploymentPostprocessing = 0;
			shellPath = /bin/sh;
			shellScript = "\"${SRCROOT}/Pods/Pods-TestsAppTests-resources.sh\"\n";
			showEnvVarsInLog = 0;
		};
/* End PBXShellScriptBuildPhase section */

/* Begin PBXSourcesBuildPhase section */
		863383BC18394F6900A8C120 /* Sources */ = {
			isa = PBXSourcesBuildPhase;
			buildActionMask = 2147483647;
			files = (
				863383D418394F6900A8C120 /* AppDelegate.m in Sources */,
				863383D018394F6900A8C120 /* main.m in Sources */,
			);
			runOnlyForDeploymentPostprocessing = 0;
		};
		863383D718394F6900A8C120 /* Sources */ = {
			isa = PBXSourcesBuildPhase;
			buildActionMask = 2147483647;
			files = (
				863383FD1839507800A8C120 /* SafeObject_KVO_Tests.m in Sources */,
				863383FC1839507500A8C120 /* SafeObject_KVC_Tests.m in Sources */,
				863383FB1839507000A8C120 /* SafeObject.m in Sources */,
			);
			runOnlyForDeploymentPostprocessing = 0;
		};
/* End PBXSourcesBuildPhase section */

/* Begin PBXTargetDependency section */
		863383E118394F6900A8C120 /* PBXTargetDependency */ = {
			isa = PBXTargetDependency;
			target = 863383BF18394F6900A8C120 /* TestsApp */;
			targetProxy = 863383E018394F6900A8C120 /* PBXContainerItemProxy */;
		};
/* End PBXTargetDependency section */

/* Begin PBXVariantGroup section */
		863383CC18394F6900A8C120 /* InfoPlist.strings */ = {
			isa = PBXVariantGroup;
			children = (
				863383CD18394F6900A8C120 /* en */,
			);
			name = InfoPlist.strings;
			sourceTree = "<group>";
		};
		863383E518394F6900A8C120 /* InfoPlist.strings */ = {
			isa = PBXVariantGroup;
			children = (
				863383E618394F6900A8C120 /* en */,
			);
			name = InfoPlist.strings;
			sourceTree = "<group>";
		};
/* End PBXVariantGroup section */

/* Begin XCBuildConfiguration section */
		863383EA18394F6900A8C120 /* Debug */ = {
			isa = XCBuildConfiguration;
			buildSettings = {
				ALWAYS_SEARCH_USER_PATHS = NO;
				ARCHS = "$(ARCHS_STANDARD_INCLUDING_64_BIT)";
				CLANG_CXX_LANGUAGE_STANDARD = "gnu++0x";
				CLANG_CXX_LIBRARY = "libc++";
				CLANG_ENABLE_MODULES = YES;
				CLANG_ENABLE_OBJC_ARC = YES;
				CLANG_WARN_BOOL_CONVERSION = YES;
				CLANG_WARN_CONSTANT_CONVERSION = YES;
				CLANG_WARN_DIRECT_OBJC_ISA_USAGE = YES_ERROR;
				CLANG_WARN_EMPTY_BODY = YES;
				CLANG_WARN_ENUM_CONVERSION = YES;
				CLANG_WARN_INT_CONVERSION = YES;
				CLANG_WARN_OBJC_ROOT_CLASS = YES_ERROR;
				CLANG_WARN__DUPLICATE_METHOD_MATCH = YES;
				"CODE_SIGN_IDENTITY[sdk=iphoneos*]" = "iPhone Developer";
				COPY_PHASE_STRIP = NO;
				GCC_C_LANGUAGE_STANDARD = gnu99;
				GCC_DYNAMIC_NO_PIC = NO;
				GCC_OPTIMIZATION_LEVEL = 0;
				GCC_PREPROCESSOR_DEFINITIONS = (
					"DEBUG=1",
					"$(inherited)",
				);
				GCC_SYMBOLS_PRIVATE_EXTERN = NO;
				GCC_WARN_64_TO_32_BIT_CONVERSION = YES;
				GCC_WARN_ABOUT_RETURN_TYPE = YES_ERROR;
				GCC_WARN_UNDECLARED_SELECTOR = YES;
				GCC_WARN_UNINITIALIZED_AUTOS = YES;
				GCC_WARN_UNUSED_FUNCTION = YES;
				GCC_WARN_UNUSED_VARIABLE = YES;
				IPHONEOS_DEPLOYMENT_TARGET = 7.0;
				ONLY_ACTIVE_ARCH = YES;
				SDKROOT = iphoneos;
				TARGETED_DEVICE_FAMILY = "1,2";
			};
			name = Debug;
		};
		863383EB18394F6900A8C120 /* Release */ = {
			isa = XCBuildConfiguration;
			buildSettings = {
				ALWAYS_SEARCH_USER_PATHS = NO;
				ARCHS = "$(ARCHS_STANDARD_INCLUDING_64_BIT)";
				CLANG_CXX_LANGUAGE_STANDARD = "gnu++0x";
				CLANG_CXX_LIBRARY = "libc++";
				CLANG_ENABLE_MODULES = YES;
				CLANG_ENABLE_OBJC_ARC = YES;
				CLANG_WARN_BOOL_CONVERSION = YES;
				CLANG_WARN_CONSTANT_CONVERSION = YES;
				CLANG_WARN_DIRECT_OBJC_ISA_USAGE = YES_ERROR;
				CLANG_WARN_EMPTY_BODY = YES;
				CLANG_WARN_ENUM_CONVERSION = YES;
				CLANG_WARN_INT_CONVERSION = YES;
				CLANG_WARN_OBJC_ROOT_CLASS = YES_ERROR;
				CLANG_WARN__DUPLICATE_METHOD_MATCH = YES;
				"CODE_SIGN_IDENTITY[sdk=iphoneos*]" = "iPhone Developer";
				COPY_PHASE_STRIP = YES;
				ENABLE_NS_ASSERTIONS = NO;
				GCC_C_LANGUAGE_STANDARD = gnu99;
				GCC_WARN_64_TO_32_BIT_CONVERSION = YES;
				GCC_WARN_ABOUT_RETURN_TYPE = YES_ERROR;
				GCC_WARN_UNDECLARED_SELECTOR = YES;
				GCC_WARN_UNINITIALIZED_AUTOS = YES;
				GCC_WARN_UNUSED_FUNCTION = YES;
				GCC_WARN_UNUSED_VARIABLE = YES;
				IPHONEOS_DEPLOYMENT_TARGET = 7.0;
				SDKROOT = iphoneos;
				TARGETED_DEVICE_FAMILY = "1,2";
				VALIDATE_PRODUCT = YES;
			};
			name = Release;
		};
		863383ED18394F6900A8C120 /* Debug */ = {
			isa = XCBuildConfiguration;
			buildSettings = {
				ASSETCATALOG_COMPILER_APPICON_NAME = AppIcon;
				ASSETCATALOG_COMPILER_LAUNCHIMAGE_NAME = LaunchImage;
				GCC_PRECOMPILE_PREFIX_HEADER = YES;
				GCC_PREFIX_HEADER = "TestsApp/TestsApp-Prefix.pch";
				INFOPLIST_FILE = "TestsApp/TestsApp-Info.plist";
				PRODUCT_NAME = "$(TARGET_NAME)";
				WRAPPER_EXTENSION = app;
			};
			name = Debug;
		};
		863383EE18394F6900A8C120 /* Release */ = {
			isa = XCBuildConfiguration;
			buildSettings = {
				ASSETCATALOG_COMPILER_APPICON_NAME = AppIcon;
				ASSETCATALOG_COMPILER_LAUNCHIMAGE_NAME = LaunchImage;
				GCC_PRECOMPILE_PREFIX_HEADER = YES;
				GCC_PREFIX_HEADER = "TestsApp/TestsApp-Prefix.pch";
				INFOPLIST_FILE = "TestsApp/TestsApp-Info.plist";
				PRODUCT_NAME = "$(TARGET_NAME)";
				WRAPPER_EXTENSION = app;
			};
			name = Release;
		};
		863383F018394F6900A8C120 /* Debug */ = {
			isa = XCBuildConfiguration;
			baseConfigurationReference = F12E004B90934AB5B8CD1052 /* Pods-TestsAppTests.xcconfig */;
			buildSettings = {
				ARCHS = "$(ARCHS_STANDARD_INCLUDING_64_BIT)";
				BUNDLE_LOADER = "$(BUILT_PRODUCTS_DIR)/TestsApp.app/TestsApp";
				FRAMEWORK_SEARCH_PATHS = (
					"$(SDKROOT)/Developer/Library/Frameworks",
					"$(inherited)",
					"$(DEVELOPER_FRAMEWORKS_DIR)",
				);
				GCC_PRECOMPILE_PREFIX_HEADER = YES;
				GCC_PREFIX_HEADER = "TestsApp/TestsApp-Prefix.pch";
				GCC_PREPROCESSOR_DEFINITIONS = (
					"DEBUG=1",
					"$(inherited)",
				);
				GCC_WARN_ABOUT_MISSING_NEWLINE = YES;
				INFOPLIST_FILE = "TestsAppTests/TestsAppTests-Info.plist";
				PRODUCT_NAME = "$(TARGET_NAME)";
				TEST_HOST = "$(BUNDLE_LOADER)";
				WRAPPER_EXTENSION = xctest;
			};
			name = Debug;
		};
		863383F118394F6900A8C120 /* Release */ = {
			isa = XCBuildConfiguration;
			baseConfigurationReference = F12E004B90934AB5B8CD1052 /* Pods-TestsAppTests.xcconfig */;
			buildSettings = {
				ARCHS = "$(ARCHS_STANDARD_INCLUDING_64_BIT)";
				BUNDLE_LOADER = "$(BUILT_PRODUCTS_DIR)/TestsApp.app/TestsApp";
				FRAMEWORK_SEARCH_PATHS = (
					"$(SDKROOT)/Developer/Library/Frameworks",
					"$(inherited)",
					"$(DEVELOPER_FRAMEWORKS_DIR)",
				);
				GCC_PRECOMPILE_PREFIX_HEADER = YES;
				GCC_PREFIX_HEADER = "TestsApp/TestsApp-Prefix.pch";
				GCC_WARN_ABOUT_MISSING_NEWLINE = YES;
				INFOPLIST_FILE = "TestsAppTests/TestsAppTests-Info.plist";
				PRODUCT_NAME = "$(TARGET_NAME)";
				TEST_HOST = "$(BUNDLE_LOADER)";
				WRAPPER_EXTENSION = xctest;
			};
			name = Release;
		};
/* End XCBuildConfiguration section */

/* Begin XCConfigurationList section */
		863383BB18394F6900A8C120 /* Build configuration list for PBXProject "TestsApp" */ = {
			isa = XCConfigurationList;
			buildConfigurations = (
				863383EA18394F6900A8C120 /* Debug */,
				863383EB18394F6900A8C120 /* Release */,
			);
			defaultConfigurationIsVisible = 0;
			defaultConfigurationName = Release;
		};
		863383EC18394F6900A8C120 /* Build configuration list for PBXNativeTarget "TestsApp" */ = {
			isa = XCConfigurationList;
			buildConfigurations = (
				863383ED18394F6900A8C120 /* Debug */,
				863383EE18394F6900A8C120 /* Release */,
			);
			defaultConfigurationIsVisible = 0;
			defaultConfigurationName = Release;
		};
		863383EF18394F6900A8C120 /* Build configuration list for PBXNativeTarget "TestsAppTests" */ = {
			isa = XCConfigurationList;
			buildConfigurations = (
				863383F018394F6900A8C120 /* Debug */,
				863383F118394F6900A8C120 /* Release */,
			);
			defaultConfigurationIsVisible = 0;
			defaultConfigurationName = Release;
		};
/* End XCConfigurationList section */
	};
	rootObject = 863383B818394F6900A8C120 /* Project object */;
}
